// !$*UTF8*$!
{
	archiveVersion = 1;
	classes = {
	};
	objectVersion = 46;
	objects = {

/* Begin PBXBuildFile section */
		445DDF0A2457CD8F00E8F9D1 /* RMFMarkerManager.m in Sources */ = {isa = PBXBuildFile; fileRef = 445DDF092457CD8F00E8F9D1 /* RMFMarkerManager.m */; };
		445DDF0D2457CDE300E8F9D1 /* RMFMarker.m in Sources */ = {isa = PBXBuildFile; fileRef = 445DDF0C2457CDE300E8F9D1 /* RMFMarker.m */; };
		445E2A9A24BBF983006F6D8F /* RMFIcon.m in Sources */ = {isa = PBXBuildFile; fileRef = 445E2A9924BBF983006F6D8F /* RMFIcon.m */; };
		4464EF24252D5D9400A2496A /* RMFPolygon.m in Sources */ = {isa = PBXBuildFile; fileRef = 4464EF23252D5D9400A2496A /* RMFPolygon.m */; };
		4464EF27252D5DD500A2496A /* RMFPolygonMap4d.m in Sources */ = {isa = PBXBuildFile; fileRef = 4464EF26252D5DD500A2496A /* RMFPolygonMap4d.m */; };
		4464EF2A252D5E0400A2496A /* RMFPolygonManager.m in Sources */ = {isa = PBXBuildFile; fileRef = 4464EF29252D5E0400A2496A /* RMFPolygonManager.m */; };
		446637A624B5763000407A5C /* MFEventResponse.m in Sources */ = {isa = PBXBuildFile; fileRef = 446637A524B5763000407A5C /* MFEventResponse.m */; };
		447AFDD3245691000088C383 /* RMFMapViewManager.m in Sources */ = {isa = PBXBuildFile; fileRef = 447AFDD2245691000088C383 /* RMFMapViewManager.m */; };
		447AFDD72456BEDA0088C383 /* RMFMapView.m in Sources */ = {isa = PBXBuildFile; fileRef = 447AFDD62456BEDA0088C383 /* RMFMapView.m */; };
		44BD9A70245FCF0E00C078BA /* RMFMarkerMap4d.m in Sources */ = {isa = PBXBuildFile; fileRef = 44BD9A6F245FCF0E00C078BA /* RMFMarkerMap4d.m */; };
		B3E7B58A1CC2AC0600A0062D /* Map4dMap.m in Sources */ = {isa = PBXBuildFile; fileRef = B3E7B5891CC2AC0600A0062D /* Map4dMap.m */; };
		E52828DB24AF94C90052B91F /* RMFPolylineManager.m in Sources */ = {isa = PBXBuildFile; fileRef = E52828DA24AF94C90052B91F /* RMFPolylineManager.m */; };
		E52828DE24AF94F70052B91F /* RMFCircleManager.m in Sources */ = {isa = PBXBuildFile; fileRef = E52828DD24AF94F70052B91F /* RMFCircleManager.m */; };
		E5AD357524B17EE000270CD6 /* RMFPOI.m in Sources */ = {isa = PBXBuildFile; fileRef = E5AD357424B17EE000270CD6 /* RMFPOI.m */; };
		E5AD357824B17F1700270CD6 /* RMFPOIMap4d.m in Sources */ = {isa = PBXBuildFile; fileRef = E5AD357724B17F1700270CD6 /* RMFPOIMap4d.m */; };
		E5AD357B24B17F5D00270CD6 /* RMFPOIManager.m in Sources */ = {isa = PBXBuildFile; fileRef = E5AD357A24B17F5D00270CD6 /* RMFPOIManager.m */; };
		E5AD638424AF90A500783E1D /* RMFCircle.m in Sources */ = {isa = PBXBuildFile; fileRef = E5AD638324AF90A500783E1D /* RMFCircle.m */; };
		E5AD638824AF921F00783E1D /* RMFPolyline.m in Sources */ = {isa = PBXBuildFile; fileRef = E5AD638724AF921F00783E1D /* RMFPolyline.m */; };
		E5AD638C24AF92DF00783E1D /* RCTConvert+Map4dMap.m in Sources */ = {isa = PBXBuildFile; fileRef = E5AD638B24AF92DF00783E1D /* RCTConvert+Map4dMap.m */; };
		E5B00F8824B0DBC400B6AB0A /* MFCoordinate.m in Sources */ = {isa = PBXBuildFile; fileRef = E5B00F8724B0DBC400B6AB0A /* MFCoordinate.m */; };
		E5E1A23F24B0706C009EA9E6 /* RMFCircleMap4d.m in Sources */ = {isa = PBXBuildFile; fileRef = E5E1A23E24B0706C009EA9E6 /* RMFCircleMap4d.m */; };
		E5E1A24124B070C6009EA9E6 /* RMFPolylineMap4d.m in Sources */ = {isa = PBXBuildFile; fileRef = E5E1A24024B070C6009EA9E6 /* RMFPolylineMap4d.m */; };
/* End PBXBuildFile section */

/* Begin PBXCopyFilesBuildPhase section */
		58B511D91A9E6C8500147676 /* CopyFiles */ = {
			isa = PBXCopyFilesBuildPhase;
			buildActionMask = 2147483647;
			dstPath = "include/$(PRODUCT_NAME)";
			dstSubfolderSpec = 16;
			files = (
			);
			runOnlyForDeploymentPostprocessing = 0;
		};
/* End PBXCopyFilesBuildPhase section */

/* Begin PBXFileReference section */
		134814201AA4EA6300B7C361 /* libMap4dMap.a */ = {isa = PBXFileReference; explicitFileType = archive.ar; includeInIndex = 0; path = libMap4dMap.a; sourceTree = BUILT_PRODUCTS_DIR; };
		445DDF092457CD8F00E8F9D1 /* RMFMarkerManager.m */ = {isa = PBXFileReference; fileEncoding = 4; lastKnownFileType = sourcecode.c.objc; path = RMFMarkerManager.m; sourceTree = "<group>"; };
		445DDF0B2457CDCC00E8F9D1 /* RMFMarker.h */ = {isa = PBXFileReference; lastKnownFileType = sourcecode.c.h; path = RMFMarker.h; sourceTree = "<group>"; };
		445DDF0C2457CDE300E8F9D1 /* RMFMarker.m */ = {isa = PBXFileReference; lastKnownFileType = sourcecode.c.objc; path = RMFMarker.m; sourceTree = "<group>"; };
		445E2A9824BBF959006F6D8F /* RMFIcon.h */ = {isa = PBXFileReference; lastKnownFileType = sourcecode.c.h; path = RMFIcon.h; sourceTree = "<group>"; };
		445E2A9924BBF983006F6D8F /* RMFIcon.m */ = {isa = PBXFileReference; lastKnownFileType = sourcecode.c.objc; path = RMFIcon.m; sourceTree = "<group>"; };
		4464EF22252D5D8000A2496A /* RMFPolygon.h */ = {isa = PBXFileReference; lastKnownFileType = sourcecode.c.h; path = RMFPolygon.h; sourceTree = "<group>"; };
		4464EF23252D5D9400A2496A /* RMFPolygon.m */ = {isa = PBXFileReference; lastKnownFileType = sourcecode.c.objc; path = RMFPolygon.m; sourceTree = "<group>"; };
		4464EF25252D5DC800A2496A /* RMFPolygonMap4d.h */ = {isa = PBXFileReference; lastKnownFileType = sourcecode.c.h; path = RMFPolygonMap4d.h; sourceTree = "<group>"; };
		4464EF26252D5DD500A2496A /* RMFPolygonMap4d.m */ = {isa = PBXFileReference; lastKnownFileType = sourcecode.c.objc; path = RMFPolygonMap4d.m; sourceTree = "<group>"; };
		4464EF28252D5DF400A2496A /* RMFPolygonManager.h */ = {isa = PBXFileReference; lastKnownFileType = sourcecode.c.h; path = RMFPolygonManager.h; sourceTree = "<group>"; };
		4464EF29252D5E0400A2496A /* RMFPolygonManager.m */ = {isa = PBXFileReference; lastKnownFileType = sourcecode.c.objc; path = RMFPolygonManager.m; sourceTree = "<group>"; };
		446637A424B5761500407A5C /* MFEventResponse.h */ = {isa = PBXFileReference; lastKnownFileType = sourcecode.c.h; path = MFEventResponse.h; sourceTree = "<group>"; };
		446637A524B5763000407A5C /* MFEventResponse.m */ = {isa = PBXFileReference; lastKnownFileType = sourcecode.c.objc; path = MFEventResponse.m; sourceTree = "<group>"; };
		447AFDD2245691000088C383 /* RMFMapViewManager.m */ = {isa = PBXFileReference; lastKnownFileType = sourcecode.c.objc; path = RMFMapViewManager.m; sourceTree = "<group>"; };
		447AFDD52456BE650088C383 /* RMFMapView.h */ = {isa = PBXFileReference; lastKnownFileType = sourcecode.c.h; path = RMFMapView.h; sourceTree = "<group>"; };
		447AFDD62456BEDA0088C383 /* RMFMapView.m */ = {isa = PBXFileReference; lastKnownFileType = sourcecode.c.objc; path = RMFMapView.m; sourceTree = "<group>"; };
		44BD9A6E245FCED300C078BA /* RMFMarkerMap4d.h */ = {isa = PBXFileReference; lastKnownFileType = sourcecode.c.h; path = RMFMarkerMap4d.h; sourceTree = "<group>"; };
		44BD9A6F245FCF0E00C078BA /* RMFMarkerMap4d.m */ = {isa = PBXFileReference; lastKnownFileType = sourcecode.c.objc; path = RMFMarkerMap4d.m; sourceTree = "<group>"; };
		44ED59332452ECF500C1D2CC /* RMFMapViewManager.h */ = {isa = PBXFileReference; lastKnownFileType = sourcecode.c.h; path = RMFMapViewManager.h; sourceTree = "<group>"; };
		44ED59342452EDE200C1D2CC /* RMFMarkerManager.h */ = {isa = PBXFileReference; lastKnownFileType = sourcecode.c.h; path = RMFMarkerManager.h; sourceTree = "<group>"; };
		B3E7B5881CC2AC0600A0062D /* Map4dMap.h */ = {isa = PBXFileReference; fileEncoding = 4; lastKnownFileType = sourcecode.c.h; path = Map4dMap.h; sourceTree = "<group>"; };
		B3E7B5891CC2AC0600A0062D /* Map4dMap.m */ = {isa = PBXFileReference; fileEncoding = 4; lastKnownFileType = sourcecode.c.objc; path = Map4dMap.m; sourceTree = "<group>"; };
		E52828D924AF948D0052B91F /* RMFPolylineManager.h */ = {isa = PBXFileReference; lastKnownFileType = sourcecode.c.h; path = RMFPolylineManager.h; sourceTree = "<group>"; };
		E52828DA24AF94C90052B91F /* RMFPolylineManager.m */ = {isa = PBXFileReference; lastKnownFileType = sourcecode.c.objc; path = RMFPolylineManager.m; sourceTree = "<group>"; };
		E52828DC24AF94EC0052B91F /* RMFCircleManager.h */ = {isa = PBXFileReference; lastKnownFileType = sourcecode.c.h; path = RMFCircleManager.h; sourceTree = "<group>"; };
		E52828DD24AF94F70052B91F /* RMFCircleManager.m */ = {isa = PBXFileReference; lastKnownFileType = sourcecode.c.objc; path = RMFCircleManager.m; sourceTree = "<group>"; };
		E5AD357324B17EB600270CD6 /* RMFPOI.h */ = {isa = PBXFileReference; lastKnownFileType = sourcecode.c.h; path = RMFPOI.h; sourceTree = "<group>"; };
		E5AD357424B17EE000270CD6 /* RMFPOI.m */ = {isa = PBXFileReference; lastKnownFileType = sourcecode.c.objc; path = RMFPOI.m; sourceTree = "<group>"; };
		E5AD357624B17F0500270CD6 /* RMFPOIMap4d.h */ = {isa = PBXFileReference; lastKnownFileType = sourcecode.c.h; path = RMFPOIMap4d.h; sourceTree = "<group>"; };
		E5AD357724B17F1700270CD6 /* RMFPOIMap4d.m */ = {isa = PBXFileReference; lastKnownFileType = sourcecode.c.objc; path = RMFPOIMap4d.m; sourceTree = "<group>"; };
		E5AD357924B17F3600270CD6 /* RMFPOIManager.h */ = {isa = PBXFileReference; lastKnownFileType = sourcecode.c.h; path = RMFPOIManager.h; sourceTree = "<group>"; };
		E5AD357A24B17F5D00270CD6 /* RMFPOIManager.m */ = {isa = PBXFileReference; lastKnownFileType = sourcecode.c.objc; path = RMFPOIManager.m; sourceTree = "<group>"; };
		E5AD638224AF902E00783E1D /* RMFCircle.h */ = {isa = PBXFileReference; lastKnownFileType = sourcecode.c.h; path = RMFCircle.h; sourceTree = "<group>"; };
		E5AD638324AF90A500783E1D /* RMFCircle.m */ = {isa = PBXFileReference; lastKnownFileType = sourcecode.c.objc; path = RMFCircle.m; sourceTree = "<group>"; };
		E5AD638524AF90DD00783E1D /* RMFCircleMap4d.h */ = {isa = PBXFileReference; lastKnownFileType = sourcecode.c.h; path = RMFCircleMap4d.h; sourceTree = "<group>"; };
		E5AD638624AF920900783E1D /* RMFPolyline.h */ = {isa = PBXFileReference; lastKnownFileType = sourcecode.c.h; path = RMFPolyline.h; sourceTree = "<group>"; };
		E5AD638724AF921F00783E1D /* RMFPolyline.m */ = {isa = PBXFileReference; lastKnownFileType = sourcecode.c.objc; path = RMFPolyline.m; sourceTree = "<group>"; };
		E5AD638924AF924400783E1D /* RMFPolylineMap4d.h */ = {isa = PBXFileReference; lastKnownFileType = sourcecode.c.h; path = RMFPolylineMap4d.h; sourceTree = "<group>"; };
		E5AD638A24AF92C200783E1D /* RCTConvert+Map4dMap.h */ = {isa = PBXFileReference; lastKnownFileType = sourcecode.c.h; path = "RCTConvert+Map4dMap.h"; sourceTree = "<group>"; };
		E5AD638B24AF92DF00783E1D /* RCTConvert+Map4dMap.m */ = {isa = PBXFileReference; lastKnownFileType = sourcecode.c.objc; path = "RCTConvert+Map4dMap.m"; sourceTree = "<group>"; };
		E5B00F8624B0DBB000B6AB0A /* MFCoordinate.h */ = {isa = PBXFileReference; lastKnownFileType = sourcecode.c.h; path = MFCoordinate.h; sourceTree = "<group>"; };
		E5B00F8724B0DBC400B6AB0A /* MFCoordinate.m */ = {isa = PBXFileReference; lastKnownFileType = sourcecode.c.objc; path = MFCoordinate.m; sourceTree = "<group>"; };
		E5E1A23E24B0706C009EA9E6 /* RMFCircleMap4d.m */ = {isa = PBXFileReference; lastKnownFileType = sourcecode.c.objc; path = RMFCircleMap4d.m; sourceTree = "<group>"; };
		E5E1A24024B070C6009EA9E6 /* RMFPolylineMap4d.m */ = {isa = PBXFileReference; lastKnownFileType = sourcecode.c.objc; path = RMFPolylineMap4d.m; sourceTree = "<group>"; };
/* End PBXFileReference section */

/* Begin PBXFrameworksBuildPhase section */
		58B511D81A9E6C8500147676 /* Frameworks */ = {
			isa = PBXFrameworksBuildPhase;
			buildActionMask = 2147483647;
			files = (
			);
			runOnlyForDeploymentPostprocessing = 0;
		};
/* End PBXFrameworksBuildPhase section */

/* Begin PBXGroup section */
		134814211AA4EA7D00B7C361 /* Products */ = {
			isa = PBXGroup;
			children = (
				134814201AA4EA6300B7C361 /* libMap4dMap.a */,
			);
			name = Products;
			sourceTree = "<group>";
		};
		58B511D21A9E6C8500147676 = {
			isa = PBXGroup;
			children = (
				4464EF29252D5E0400A2496A /* RMFPolygonManager.m */,
				4464EF28252D5DF400A2496A /* RMFPolygonManager.h */,
				4464EF26252D5DD500A2496A /* RMFPolygonMap4d.m */,
				4464EF25252D5DC800A2496A /* RMFPolygonMap4d.h */,
				4464EF23252D5D9400A2496A /* RMFPolygon.m */,
				4464EF22252D5D8000A2496A /* RMFPolygon.h */,
				445E2A9924BBF983006F6D8F /* RMFIcon.m */,
				445E2A9824BBF959006F6D8F /* RMFIcon.h */,
				446637A524B5763000407A5C /* MFEventResponse.m */,
				446637A424B5761500407A5C /* MFEventResponse.h */,
				E5AD357A24B17F5D00270CD6 /* RMFPOIManager.m */,
				E5AD357924B17F3600270CD6 /* RMFPOIManager.h */,
				E5AD357724B17F1700270CD6 /* RMFPOIMap4d.m */,
				E5AD357624B17F0500270CD6 /* RMFPOIMap4d.h */,
				E5AD357424B17EE000270CD6 /* RMFPOI.m */,
				E5AD357324B17EB600270CD6 /* RMFPOI.h */,
				E5B00F8724B0DBC400B6AB0A /* MFCoordinate.m */,
				E5B00F8624B0DBB000B6AB0A /* MFCoordinate.h */,
				E5E1A24024B070C6009EA9E6 /* RMFPolylineMap4d.m */,
				E5E1A23E24B0706C009EA9E6 /* RMFCircleMap4d.m */,
				E52828DD24AF94F70052B91F /* RMFCircleManager.m */,
				E52828DC24AF94EC0052B91F /* RMFCircleManager.h */,
				E52828DA24AF94C90052B91F /* RMFPolylineManager.m */,
				E52828D924AF948D0052B91F /* RMFPolylineManager.h */,
				E5AD638B24AF92DF00783E1D /* RCTConvert+Map4dMap.m */,
				E5AD638A24AF92C200783E1D /* RCTConvert+Map4dMap.h */,
				E5AD638924AF924400783E1D /* RMFPolylineMap4d.h */,
				E5AD638724AF921F00783E1D /* RMFPolyline.m */,
				E5AD638624AF920900783E1D /* RMFPolyline.h */,
				E5AD638524AF90DD00783E1D /* RMFCircleMap4d.h */,
				E5AD638324AF90A500783E1D /* RMFCircle.m */,
				E5AD638224AF902E00783E1D /* RMFCircle.h */,
				44BD9A6F245FCF0E00C078BA /* RMFMarkerMap4d.m */,
				44BD9A6E245FCED300C078BA /* RMFMarkerMap4d.h */,
				445DDF0B2457CDCC00E8F9D1 /* RMFMarker.h */,
				445DDF0C2457CDE300E8F9D1 /* RMFMarker.m */,
				447AFDD62456BEDA0088C383 /* RMFMapView.m */,
				445DDF092457CD8F00E8F9D1 /* RMFMarkerManager.m */,
				447AFDD52456BE650088C383 /* RMFMapView.h */,
				447AFDD2245691000088C383 /* RMFMapViewManager.m */,
				44ED59342452EDE200C1D2CC /* RMFMarkerManager.h */,
				44ED59332452ECF500C1D2CC /* RMFMapViewManager.h */,
				B3E7B5881CC2AC0600A0062D /* Map4dMap.h */,
				B3E7B5891CC2AC0600A0062D /* Map4dMap.m */,
				134814211AA4EA7D00B7C361 /* Products */,
			);
			sourceTree = "<group>";
		};
/* End PBXGroup section */

/* Begin PBXNativeTarget section */
		58B511DA1A9E6C8500147676 /* Map4dMap */ = {
			isa = PBXNativeTarget;
			buildConfigurationList = 58B511EF1A9E6C8500147676 /* Build configuration list for PBXNativeTarget "Map4dMap" */;
			buildPhases = (
				58B511D71A9E6C8500147676 /* Sources */,
				58B511D81A9E6C8500147676 /* Frameworks */,
				58B511D91A9E6C8500147676 /* CopyFiles */,
			);
			buildRules = (
			);
			dependencies = (
			);
			name = Map4dMap;
			productName = RCTDataManager;
			productReference = 134814201AA4EA6300B7C361 /* libMap4dMap.a */;
			productType = "com.apple.product-type.library.static";
		};
/* End PBXNativeTarget section */

/* Begin PBXProject section */
		58B511D31A9E6C8500147676 /* Project object */ = {
			isa = PBXProject;
			attributes = {
				LastUpgradeCheck = 0920;
				ORGANIZATIONNAME = Facebook;
				TargetAttributes = {
					58B511DA1A9E6C8500147676 = {
						CreatedOnToolsVersion = 6.1.1;
					};
				};
			};
			buildConfigurationList = 58B511D61A9E6C8500147676 /* Build configuration list for PBXProject "Map4dMap" */;
			compatibilityVersion = "Xcode 3.2";
			developmentRegion = English;
			hasScannedForEncodings = 0;
			knownRegions = (
				English,
				en,
			);
			mainGroup = 58B511D21A9E6C8500147676;
			productRefGroup = 58B511D21A9E6C8500147676;
			projectDirPath = "";
			projectRoot = "";
			targets = (
				58B511DA1A9E6C8500147676 /* Map4dMap */,
			);
		};
/* End PBXProject section */

/* Begin PBXSourcesBuildPhase section */
		58B511D71A9E6C8500147676 /* Sources */ = {
			isa = PBXSourcesBuildPhase;
			buildActionMask = 2147483647;
			files = (
				B3E7B58A1CC2AC0600A0062D /* Map4dMap.m in Sources */,
				E5AD638824AF921F00783E1D /* RMFPolyline.m in Sources */,
				E52828DE24AF94F70052B91F /* RMFCircleManager.m in Sources */,
				447AFDD3245691000088C383 /* RMFMapViewManager.m in Sources */,
				E5E1A23F24B0706C009EA9E6 /* RMFCircleMap4d.m in Sources */,
				4464EF27252D5DD500A2496A /* RMFPolygonMap4d.m in Sources */,
				E5AD638424AF90A500783E1D /* RMFCircle.m in Sources */,
				E5AD357B24B17F5D00270CD6 /* RMFPOIManager.m in Sources */,
				E5B00F8824B0DBC400B6AB0A /* MFCoordinate.m in Sources */,
				4464EF24252D5D9400A2496A /* RMFPolygon.m in Sources */,
				E5AD638C24AF92DF00783E1D /* RCTConvert+Map4dMap.m in Sources */,
				E52828DB24AF94C90052B91F /* RMFPolylineManager.m in Sources */,
				446637A624B5763000407A5C /* MFEventResponse.m in Sources */,
				447AFDD72456BEDA0088C383 /* RMFMapView.m in Sources */,
				44BD9A70245FCF0E00C078BA /* RMFMarkerMap4d.m in Sources */,
				E5AD357824B17F1700270CD6 /* RMFPOIMap4d.m in Sources */,
				4464EF2A252D5E0400A2496A /* RMFPolygonManager.m in Sources */,
				445DDF0A2457CD8F00E8F9D1 /* RMFMarkerManager.m in Sources */,
				445E2A9A24BBF983006F6D8F /* RMFIcon.m in Sources */,
				445DDF0D2457CDE300E8F9D1 /* RMFMarker.m in Sources */,
				E5E1A24124B070C6009EA9E6 /* RMFPolylineMap4d.m in Sources */,
				E5AD357524B17EE000270CD6 /* RMFPOI.m in Sources */,
			);
			runOnlyForDeploymentPostprocessing = 0;
		};
/* End PBXSourcesBuildPhase section */

/* Begin XCBuildConfiguration section */
		58B511ED1A9E6C8500147676 /* Debug */ = {
			isa = XCBuildConfiguration;
			buildSettings = {
				ALWAYS_SEARCH_USER_PATHS = NO;
				CLANG_CXX_LANGUAGE_STANDARD = "gnu++0x";
				CLANG_CXX_LIBRARY = "libc++";
				CLANG_ENABLE_MODULES = YES;
				CLANG_ENABLE_OBJC_ARC = YES;
				CLANG_WARN_BLOCK_CAPTURE_AUTORELEASING = YES;
				CLANG_WARN_BOOL_CONVERSION = YES;
				CLANG_WARN_COMMA = YES;
				CLANG_WARN_CONSTANT_CONVERSION = YES;
				CLANG_WARN_DIRECT_OBJC_ISA_USAGE = YES_ERROR;
				CLANG_WARN_EMPTY_BODY = YES;
				CLANG_WARN_ENUM_CONVERSION = YES;
				CLANG_WARN_INFINITE_RECURSION = YES;
				CLANG_WARN_INT_CONVERSION = YES;
				CLANG_WARN_NON_LITERAL_NULL_CONVERSION = YES;
				CLANG_WARN_OBJC_LITERAL_CONVERSION = YES;
				CLANG_WARN_OBJC_ROOT_CLASS = YES_ERROR;
				CLANG_WARN_RANGE_LOOP_ANALYSIS = YES;
				CLANG_WARN_STRICT_PROTOTYPES = YES;
				CLANG_WARN_SUSPICIOUS_MOVE = YES;
				CLANG_WARN_UNREACHABLE_CODE = YES;
				CLANG_WARN__DUPLICATE_METHOD_MATCH = YES;
				COPY_PHASE_STRIP = NO;
				ENABLE_STRICT_OBJC_MSGSEND = YES;
				ENABLE_TESTABILITY = YES;
				GCC_C_LANGUAGE_STANDARD = gnu99;
				GCC_DYNAMIC_NO_PIC = NO;
				GCC_NO_COMMON_BLOCKS = YES;
				GCC_OPTIMIZATION_LEVEL = 0;
				GCC_PREPROCESSOR_DEFINITIONS = (
					"DEBUG=1",
					"$(inherited)",
				);
				GCC_SYMBOLS_PRIVATE_EXTERN = NO;
				GCC_WARN_64_TO_32_BIT_CONVERSION = YES;
				GCC_WARN_ABOUT_RETURN_TYPE = YES_ERROR;
				GCC_WARN_UNDECLARED_SELECTOR = YES;
				GCC_WARN_UNINITIALIZED_AUTOS = YES_AGGRESSIVE;
				GCC_WARN_UNUSED_FUNCTION = YES;
				GCC_WARN_UNUSED_VARIABLE = YES;
				IPHONEOS_DEPLOYMENT_TARGET = 8.0;
				MTL_ENABLE_DEBUG_INFO = YES;
				ONLY_ACTIVE_ARCH = YES;
				SDKROOT = iphoneos;
			};
			name = Debug;
		};
		58B511EE1A9E6C8500147676 /* Release */ = {
			isa = XCBuildConfiguration;
			buildSettings = {
				ALWAYS_SEARCH_USER_PATHS = NO;
				CLANG_CXX_LANGUAGE_STANDARD = "gnu++0x";
				CLANG_CXX_LIBRARY = "libc++";
				CLANG_ENABLE_MODULES = YES;
				CLANG_ENABLE_OBJC_ARC = YES;
				CLANG_WARN_BLOCK_CAPTURE_AUTORELEASING = YES;
				CLANG_WARN_BOOL_CONVERSION = YES;
				CLANG_WARN_COMMA = YES;
				CLANG_WARN_CONSTANT_CONVERSION = YES;
				CLANG_WARN_DIRECT_OBJC_ISA_USAGE = YES_ERROR;
				CLANG_WARN_EMPTY_BODY = YES;
				CLANG_WARN_ENUM_CONVERSION = YES;
				CLANG_WARN_INFINITE_RECURSION = YES;
				CLANG_WARN_INT_CONVERSION = YES;
				CLANG_WARN_NON_LITERAL_NULL_CONVERSION = YES;
				CLANG_WARN_OBJC_LITERAL_CONVERSION = YES;
				CLANG_WARN_OBJC_ROOT_CLASS = YES_ERROR;
				CLANG_WARN_RANGE_LOOP_ANALYSIS = YES;
				CLANG_WARN_STRICT_PROTOTYPES = YES;
				CLANG_WARN_SUSPICIOUS_MOVE = YES;
				CLANG_WARN_UNREACHABLE_CODE = YES;
				CLANG_WARN__DUPLICATE_METHOD_MATCH = YES;
				COPY_PHASE_STRIP = YES;
				ENABLE_NS_ASSERTIONS = NO;
				ENABLE_STRICT_OBJC_MSGSEND = YES;
				GCC_C_LANGUAGE_STANDARD = gnu99;
				GCC_NO_COMMON_BLOCKS = YES;
				GCC_WARN_64_TO_32_BIT_CONVERSION = YES;
				GCC_WARN_ABOUT_RETURN_TYPE = YES_ERROR;
				GCC_WARN_UNDECLARED_SELECTOR = YES;
				GCC_WARN_UNINITIALIZED_AUTOS = YES_AGGRESSIVE;
				GCC_WARN_UNUSED_FUNCTION = YES;
				GCC_WARN_UNUSED_VARIABLE = YES;
				IPHONEOS_DEPLOYMENT_TARGET = 8.0;
				MTL_ENABLE_DEBUG_INFO = NO;
				SDKROOT = iphoneos;
				VALIDATE_PRODUCT = YES;
			};
			name = Release;
		};
		58B511F01A9E6C8500147676 /* Debug */ = {
			isa = XCBuildConfiguration;
			buildSettings = {
				HEADER_SEARCH_PATHS = (
					"$(inherited)",
					/Applications/Xcode.app/Contents/Developer/Toolchains/XcodeDefault.xctoolchain/usr/include,
					"$(SRCROOT)/../../../React/**",
					"$(SRCROOT)/../../react-native/React/**",
				);
				LIBRARY_SEARCH_PATHS = "$(inherited)";
				OTHER_LDFLAGS = "-ObjC";
				PRODUCT_NAME = Map4dMap;
				SKIP_INSTALL = YES;
			};
			name = Debug;
		};
		58B511F11A9E6C8500147676 /* Release */ = {
			isa = XCBuildConfiguration;
			buildSettings = {
				HEADER_SEARCH_PATHS = (
					"$(inherited)",
					/Applications/Xcode.app/Contents/Developer/Toolchains/XcodeDefault.xctoolchain/usr/include,
					"$(SRCROOT)/../../../React/**",
					"$(SRCROOT)/../../react-native/React/**",
				);
				LIBRARY_SEARCH_PATHS = "$(inherited)";
				OTHER_LDFLAGS = "-ObjC";
				PRODUCT_NAME = Map4dMap;
				SKIP_INSTALL = YES;
			};
			name = Release;
		};
/* End XCBuildConfiguration section */

/* Begin XCConfigurationList section */
		58B511D61A9E6C8500147676 /* Build configuration list for PBXProject "Map4dMap" */ = {
			isa = XCConfigurationList;
			buildConfigurations = (
				58B511ED1A9E6C8500147676 /* Debug */,
				58B511EE1A9E6C8500147676 /* Release */,
			);
			defaultConfigurationIsVisible = 0;
			defaultConfigurationName = Release;
		};
		58B511EF1A9E6C8500147676 /* Build configuration list for PBXNativeTarget "Map4dMap" */ = {
			isa = XCConfigurationList;
			buildConfigurations = (
				58B511F01A9E6C8500147676 /* Debug */,
				58B511F11A9E6C8500147676 /* Release */,
			);
			defaultConfigurationIsVisible = 0;
			defaultConfigurationName = Release;
		};
/* End XCConfigurationList section */
	};
	rootObject = 58B511D31A9E6C8500147676 /* Project object */;
}
